# This file is generated by running "yarn install" inside your project.
# Manual changes might be lost - proceed with caution!

__metadata:
  version: 8
  cacheKey: 10

"@tootallnate/once@npm:2":
  version: 2.0.0
  resolution: "@tootallnate/once@npm:2.0.0"
  checksum: 10/ad87447820dd3f24825d2d947ebc03072b20a42bfc96cbafec16bff8bbda6c1a81fcb0be56d5b21968560c5359a0af4038a68ba150c3e1694fe4c109a063bed8
  languageName: node
  linkType: hard

"@types/adm-zip@npm:^0.5.0":
  version: 0.5.0
  resolution: "@types/adm-zip@npm:0.5.0"
  dependencies:
    "@types/node": "npm:*"
  checksum: 10/59110171eb2a961c916487c8206decfb747611d68b8383bba896421261550c1b76d895826b53d5fdfd2192f4ea997504cbcd095abe9a2e1f16c37a884931bbd4
  languageName: node
  linkType: hard

"@types/jsdom@npm:^16.2.14":
  version: 16.2.14
  resolution: "@types/jsdom@npm:16.2.14"
  dependencies:
    "@types/node": "npm:*"
    "@types/parse5": "npm:*"
    "@types/tough-cookie": "npm:*"
  checksum: 10/d44ac371890c1e6cfdea98babc6f06b4d899b37416f6fb967dc19a12d9127a037eefedc13120a0abedf0aaf4277e6819637abbf102dca14871c7422c837651c4
  languageName: node
  linkType: hard

"@types/node@npm:*, @types/node@npm:^17.0.25":
  version: 17.0.25
  resolution: "@types/node@npm:17.0.25"
  checksum: 10/7b18daede52e2b8a41a9a6c6c0e062eb6fec39343c30deefe312c2ba8c7089eab4c47e0252deac775fb5313e56dc0aa19db3f8c7cc930956d196426dfa86cf6c
  languageName: node
  linkType: hard

"@types/parse5@npm:*":
  version: 6.0.3
  resolution: "@types/parse5@npm:6.0.3"
  checksum: 10/834d40c9b1a8a99a9574b0b3f6629cf48adcff2eda01a35d701f1de5dcf46ce24223684647890aba9f985d6c801b233f878168683de0ae425940403c383fba8f
  languageName: node
  linkType: hard

"@types/tough-cookie@npm:*":
  version: 4.0.2
  resolution: "@types/tough-cookie@npm:4.0.2"
  checksum: 10/8682b4062959c15c0521361825839e10d374344fa84166ee0b731b815ac7b79a942f6e9192fad6383d69df2251021678c86c46748ff69c61609934a3e27472f2
  languageName: node
  linkType: hard

"abab@npm:^2.0.5, abab@npm:^2.0.6":
  version: 2.0.6
  resolution: "abab@npm:2.0.6"
  checksum: 10/ebe95d7278999e605823fc515a3b05d689bc72e7f825536e73c95ebf621636874c6de1b749b3c4bf866b96ccd4b3a2802efa313d0e45ad51a413c8c73247db20
  languageName: node
  linkType: hard

"acorn-globals@npm:^6.0.0":
  version: 6.0.0
  resolution: "acorn-globals@npm:6.0.0"
  dependencies:
    acorn: "npm:^7.1.1"
    acorn-walk: "npm:^7.1.1"
  checksum: 10/72d95e5b5e585f9acd019b993ab8bbba68bb3cbc9d9b5c1ebb3c2f1fe5981f11deababfb4949f48e6262f9c57878837f5958c0cca396f81023814680ca878042
  languageName: node
  linkType: hard

"acorn-walk@npm:^7.1.1":
  version: 7.2.0
  resolution: "acorn-walk@npm:7.2.0"
  checksum: 10/4d3e186f729474aed3bc3d0df44692f2010c726582655b20a23347bef650867655521c48ada444cb4fda241ee713dcb792da363ec74c6282fa884fb7144171bb
  languageName: node
  linkType: hard

"acorn@npm:^7.1.1":
  version: 7.4.1
  resolution: "acorn@npm:7.4.1"
  bin:
    acorn: bin/acorn
  checksum: 10/8be2a40714756d713dfb62544128adce3b7102c6eb94bc312af196c2cc4af76e5b93079bd66b05e9ca31b35a9b0ce12171d16bc55f366cafdb794fdab9d753ec
  languageName: node
  linkType: hard

"acorn@npm:^8.5.0":
  version: 8.7.1
  resolution: "acorn@npm:8.7.1"
  bin:
    acorn: bin/acorn
  checksum: 10/60a550c0c1173379a4ed29abd76f8a7f80adccdb8862afc8ce217fd006b7f47e8a035a72f518fcc0ef386334f0f91b6c8140cc51fd51137b8ecedf43663acf9a
  languageName: node
  linkType: hard

"adm-zip@npm:^0.5.9":
  version: 0.5.9
  resolution: "adm-zip@npm:0.5.9"
  checksum: 10/4e7caa6c220079481192b852361eaa1a210351239911c04b37c8828f27cc7e8e4a7e6409066d9ceacee6ffbca9ae3218b6c6ec1d251cb070626ec644c4b017b0
  languageName: node
  linkType: hard

"agent-base@npm:6":
  version: 6.0.2
  resolution: "agent-base@npm:6.0.2"
  dependencies:
    debug: "npm:4"
  checksum: 10/21fb903e0917e5cb16591b4d0ef6a028a54b83ac30cd1fca58dece3d4e0990512a8723f9f83130d88a41e2af8b1f7be1386fda3ea2d181bb1a62155e75e95e23
  languageName: node
  linkType: hard

"arg@npm:^5.0.2":
  version: 5.0.2
  resolution: "arg@npm:5.0.2"
  checksum: 10/92fe7de222054a060fd2329e92e867410b3ea260328147ee3fb7855f78efae005f4087e698d4e688a856893c56bb09951588c40f2c901cf6996cd8cd7bcfef2c
  languageName: node
  linkType: hard

"asynckit@npm:^0.4.0":
  version: 0.4.0
  resolution: "asynckit@npm:0.4.0"
  checksum: 10/3ce727cbc78f69d6a4722517a58ee926c8c21083633b1d3fdf66fd688f6c127a53a592141bd4866f9b63240a86e9d8e974b13919450bd17fa33c2d22c4558ad8
  languageName: node
  linkType: hard

"browser-process-hrtime@npm:^1.0.0":
  version: 1.0.0
  resolution: "browser-process-hrtime@npm:1.0.0"
  checksum: 10/e30f868cdb770b1201afb714ad1575dd86366b6e861900884665fb627109b3cc757c40067d3bfee1ff2a29c835257ea30725a8018a9afd02ac1c24b408b1e45f
  languageName: node
  linkType: hard

"capitalisation-fixes@workspace:.":
  version: 0.0.0-use.local
  resolution: "capitalisation-fixes@workspace:."
  dependencies:
    "@types/adm-zip": "npm:^0.5.0"
    "@types/jsdom": "npm:^16.2.14"
    "@types/node": "npm:^17.0.25"
    adm-zip: "npm:^0.5.9"
    arg: "npm:^5.0.2"
    chalk: "npm:^5.2.0"
    dotenv: "npm:^16.0.3"
    jsdom: "npm:^19.0.0"
    node-fetch: "npm:^3.2.3"
    typescript: "npm:^4.6.3"
  languageName: unknown
  linkType: soft

"chalk@npm:^5.2.0":
  version: 5.2.0
  resolution: "chalk@npm:5.2.0"
  checksum: 10/daadc187314c851cd94f1058dd870a2dd351dfaef8cf69048977fc56bce120f02f7aca77eb7ca88bf7a37ab6c15922e12b43f4ffa885f4fd2d9e15dd14c61a1b
  languageName: node
  linkType: hard

"combined-stream@npm:^1.0.8":
  version: 1.0.8
  resolution: "combined-stream@npm:1.0.8"
  dependencies:
    delayed-stream: "npm:~1.0.0"
  checksum: 10/2e969e637d05d09fa50b02d74c83a1186f6914aae89e6653b62595cc75a221464f884f55f231b8f4df7a49537fba60bdc0427acd2bf324c09a1dbb84837e36e4
  languageName: node
  linkType: hard

"cssom@npm:^0.5.0":
  version: 0.5.0
  resolution: "cssom@npm:0.5.0"
  checksum: 10/b502a315b1ce020a692036cc38cb36afa44157219b80deadfa040ab800aa9321fcfbecf02fd2e6ec87db169715e27978b4ab3701f916461e9cf7808899f23b54
  languageName: node
  linkType: hard

"cssom@npm:~0.3.6":
  version: 0.3.8
  resolution: "cssom@npm:0.3.8"
  checksum: 10/49eacc88077555e419646c0ea84ddc73c97e3a346ad7cb95e22f9413a9722d8964b91d781ce21d378bd5ae058af9a745402383fa4e35e9cdfd19654b63f892a9
  languageName: node
  linkType: hard

"cssstyle@npm:^2.3.0":
  version: 2.3.0
  resolution: "cssstyle@npm:2.3.0"
  dependencies:
    cssom: "npm:~0.3.6"
  checksum: 10/46f7f05a153446c4018b0454ee1464b50f606cb1803c90d203524834b7438eb52f3b173ba0891c618f380ced34ee12020675dc0052a7f1be755fe4ebc27ee977
  languageName: node
  linkType: hard

"data-uri-to-buffer@npm:^4.0.0":
  version: 4.0.0
  resolution: "data-uri-to-buffer@npm:4.0.0"
  checksum: 10/251b085188b9343416d46dd8dce8279984a6bb7183196e226da68e293c76f1a97e8db2d4a9cb7b24671c8fb4bff7d4b866e851033cff681fff770abdcf83fbed
  languageName: node
  linkType: hard

"data-urls@npm:^3.0.1":
  version: 3.0.2
  resolution: "data-urls@npm:3.0.2"
  dependencies:
    abab: "npm:^2.0.6"
    whatwg-mimetype: "npm:^3.0.0"
    whatwg-url: "npm:^11.0.0"
  checksum: 10/033fc3dd0fba6d24bc9a024ddcf9923691dd24f90a3d26f6545d6a2f71ec6956f93462f2cdf2183cc46f10dc01ed3bcb36731a8208456eb1a08147e571fe2a76
  languageName: node
  linkType: hard

"debug@npm:4":
  version: 4.3.4
  resolution: "debug@npm:4.3.4"
  dependencies:
    ms: "npm:2.1.2"
  peerDependenciesMeta:
    supports-color:
      optional: true
  checksum: 10/0073c3bcbd9cb7d71dd5f6b55be8701af42df3e56e911186dfa46fac3a5b9eb7ce7f377dd1d3be6db8977221f8eb333d945216f645cf56f6b688cd484837d255
  languageName: node
  linkType: hard

"decimal.js@npm:^10.3.1":
  version: 10.3.1
  resolution: "decimal.js@npm:10.3.1"
  checksum: 10/35705575504bf3f2003d77e572afd338f28e1f964a86e8844d9a024c88d5b88dd89e595870c529931e63405e8f44a881043610e16aece4da2550c3784ef6c658
  languageName: node
  linkType: hard

"deep-is@npm:~0.1.3":
  version: 0.1.4
  resolution: "deep-is@npm:0.1.4"
  checksum: 10/ec12d074aef5ae5e81fa470b9317c313142c9e8e2afe3f8efa124db309720db96d1d222b82b84c834e5f87e7a614b44a4684b6683583118b87c833b3be40d4d8
  languageName: node
  linkType: hard

"delayed-stream@npm:~1.0.0":
  version: 1.0.0
  resolution: "delayed-stream@npm:1.0.0"
  checksum: 10/46fe6e83e2cb1d85ba50bd52803c68be9bd953282fa7096f51fc29edd5d67ff84ff753c51966061e5ba7cb5e47ef6d36a91924eddb7f3f3483b1c560f77a0020
  languageName: node
  linkType: hard

"domexception@npm:^4.0.0":
  version: 4.0.0
  resolution: "domexception@npm:4.0.0"
  dependencies:
    webidl-conversions: "npm:^7.0.0"
  checksum: 10/4ed443227d2871d76c58d852b2e93c68e0443815b2741348f20881bedee8c1ad4f9bfc5d30c7dec433cd026b57da63407c010260b1682fef4c8847e7181ea43f
  languageName: node
  linkType: hard

"dotenv@npm:^16.0.3":
  version: 16.0.3
  resolution: "dotenv@npm:16.0.3"
  checksum: 10/d6788c8e40b35ad9a9ca29249dccf37fa6b3ad26700fcbc87f2f41101bf914f5193a04e36a3d23de70b1dcb8e5d5a3b21e151debace2c4cd08d868be500a1b29
  languageName: node
  linkType: hard

"escodegen@npm:^2.0.0":
  version: 2.0.0
  resolution: "escodegen@npm:2.0.0"
  dependencies:
    esprima: "npm:^4.0.1"
    estraverse: "npm:^5.2.0"
    esutils: "npm:^2.0.2"
    optionator: "npm:^0.8.1"
    source-map: "npm:~0.6.1"
  dependenciesMeta:
    source-map:
      optional: true
  bin:
    escodegen: bin/escodegen.js
    esgenerate: bin/esgenerate.js
  checksum: 10/0f7e404b19b14047dd12b62b2267ba9b68fff02be0d40d71fdcc27dfdd664720e1afae34680892b8a34cdd9280b7b4f81c02f7c7597a8eda0c6d2b4c2b7d07f0
  languageName: node
  linkType: hard

"esprima@npm:^4.0.1":
  version: 4.0.1
  resolution: "esprima@npm:4.0.1"
  bin:
    esparse: ./bin/esparse.js
    esvalidate: ./bin/esvalidate.js
  checksum: 10/f1d3c622ad992421362294f7acf866aa9409fbad4eb2e8fa230bd33944ce371d32279667b242d8b8907ec2b6ad7353a717f3c0e60e748873a34a7905174bc0eb
  languageName: node
  linkType: hard

"estraverse@npm:^5.2.0":
  version: 5.3.0
  resolution: "estraverse@npm:5.3.0"
  checksum: 10/37cbe6e9a68014d34dbdc039f90d0baf72436809d02edffcc06ba3c2a12eb298048f877511353b130153e532aac8d68ba78430c0dd2f44806ebc7c014b01585e
  languageName: node
  linkType: hard

"esutils@npm:^2.0.2":
  version: 2.0.3
  resolution: "esutils@npm:2.0.3"
  checksum: 10/b23acd24791db11d8f65be5ea58fd9a6ce2df5120ae2da65c16cfc5331ff59d5ac4ef50af66cd4bde238881503ec839928a0135b99a036a9cdfa22d17fd56cdb
  languageName: node
  linkType: hard

"fast-levenshtein@npm:~2.0.6":
  version: 2.0.6
  resolution: "fast-levenshtein@npm:2.0.6"
  checksum: 10/eb7e220ecf2bab5159d157350b81d01f75726a4382f5a9266f42b9150c4523b9795f7f5d9fbbbeaeac09a441b2369f05ee02db48ea938584205530fe5693cfe1
  languageName: node
  linkType: hard

"fetch-blob@npm:^3.1.2, fetch-blob@npm:^3.1.4":
  version: 3.1.5
  resolution: "fetch-blob@npm:3.1.5"
  dependencies:
    node-domexception: "npm:^1.0.0"
    web-streams-polyfill: "npm:^3.0.3"
  checksum: 10/d6549faea6e709e26826e1c60fba89a328d9318d59bc3829f4d8ea5edf7a0f04b3809ea0d2374f790f14a86545f578236e899c1d43a3bbb6b47951d696b8c2aa
  languageName: node
  linkType: hard

"form-data@npm:^4.0.0":
  version: 4.0.0
  resolution: "form-data@npm:4.0.0"
  dependencies:
    asynckit: "npm:^0.4.0"
    combined-stream: "npm:^1.0.8"
    mime-types: "npm:^2.1.12"
  checksum: 10/7264aa760a8cf09482816d8300f1b6e2423de1b02bba612a136857413fdc96d7178298ced106817655facc6b89036c6e12ae31c9eb5bdc16aabf502ae8a5d805
  languageName: node
  linkType: hard

"formdata-polyfill@npm:^4.0.10":
  version: 4.0.10
  resolution: "formdata-polyfill@npm:4.0.10"
  dependencies:
    fetch-blob: "npm:^3.1.2"
  checksum: 10/9b5001d2edef3c9449ac3f48bd4f8cc92e7d0f2e7c1a5c8ba555ad4e77535cc5cf621fabe49e97f304067037282dd9093b9160a3cb533e46420b446c4e6bc06f
  languageName: node
  linkType: hard

"html-encoding-sniffer@npm:^3.0.0":
  version: 3.0.0
  resolution: "html-encoding-sniffer@npm:3.0.0"
  dependencies:
    whatwg-encoding: "npm:^2.0.0"
  checksum: 10/707a812ec2acaf8bb5614c8618dc81e2fb6b4399d03e95ff18b65679989a072f4e919b9bef472039301a1bbfba64063ba4c79ea6e851c653ac9db80dbefe8fe5
  languageName: node
  linkType: hard

"http-proxy-agent@npm:^5.0.0":
  version: 5.0.0
  resolution: "http-proxy-agent@npm:5.0.0"
  dependencies:
    "@tootallnate/once": "npm:2"
    agent-base: "npm:6"
    debug: "npm:4"
  checksum: 10/5ee19423bc3e0fd5f23ce991b0755699ad2a46a440ce9cec99e8126bb98448ad3479d2c0ea54be5519db5b19a4ffaa69616bac01540db18506dd4dac3dc418f0
  languageName: node
  linkType: hard

"https-proxy-agent@npm:^5.0.0":
  version: 5.0.1
  resolution: "https-proxy-agent@npm:5.0.1"
  dependencies:
    agent-base: "npm:6"
    debug: "npm:4"
  checksum: 10/f0dce7bdcac5e8eaa0be3c7368bb8836ed010fb5b6349ffb412b172a203efe8f807d9a6681319105ea1b6901e1972c7b5ea899672a7b9aad58309f766dcbe0df
  languageName: node
  linkType: hard

"iconv-lite@npm:0.6.3":
  version: 0.6.3
  resolution: "iconv-lite@npm:0.6.3"
  dependencies:
    safer-buffer: "npm:>= 2.1.2 < 3.0.0"
  checksum: 10/24e3292dd3dadaa81d065c6f8c41b274a47098150d444b96e5f53b4638a9a71482921ea6a91a1f59bb71d9796de25e04afd05919fa64c360347ba65d3766f10f
  languageName: node
  linkType: hard

"is-potential-custom-element-name@npm:^1.0.1":
  version: 1.0.1
  resolution: "is-potential-custom-element-name@npm:1.0.1"
  checksum: 10/ced7bbbb6433a5b684af581872afe0e1767e2d1146b2207ca0068a648fb5cab9d898495d1ac0583524faaf24ca98176a7d9876363097c2d14fee6dd324f3a1ab
  languageName: node
  linkType: hard

"jsdom@npm:^19.0.0":
  version: 19.0.0
  resolution: "jsdom@npm:19.0.0"
  dependencies:
    abab: "npm:^2.0.5"
    acorn: "npm:^8.5.0"
    acorn-globals: "npm:^6.0.0"
    cssom: "npm:^0.5.0"
    cssstyle: "npm:^2.3.0"
    data-urls: "npm:^3.0.1"
    decimal.js: "npm:^10.3.1"
    domexception: "npm:^4.0.0"
    escodegen: "npm:^2.0.0"
    form-data: "npm:^4.0.0"
    html-encoding-sniffer: "npm:^3.0.0"
    http-proxy-agent: "npm:^5.0.0"
    https-proxy-agent: "npm:^5.0.0"
    is-potential-custom-element-name: "npm:^1.0.1"
    nwsapi: "npm:^2.2.0"
    parse5: "npm:6.0.1"
    saxes: "npm:^5.0.1"
    symbol-tree: "npm:^3.2.4"
    tough-cookie: "npm:^4.0.0"
    w3c-hr-time: "npm:^1.0.2"
    w3c-xmlserializer: "npm:^3.0.0"
    webidl-conversions: "npm:^7.0.0"
    whatwg-encoding: "npm:^2.0.0"
    whatwg-mimetype: "npm:^3.0.0"
    whatwg-url: "npm:^10.0.0"
    ws: "npm:^8.2.3"
    xml-name-validator: "npm:^4.0.0"
  peerDependencies:
    canvas: ^2.5.0
  peerDependenciesMeta:
    canvas:
      optional: true
  checksum: 10/bbb3dc85822f4b600d9475f40cf28fbab56fc19cb237bf1ce8c66df391f7f0fcaf3fa24f9c2f44bce90f042b15616ca31da5db1d24a688482d9d45d83e7f7e24
  languageName: node
  linkType: hard

"levn@npm:~0.3.0":
  version: 0.3.0
  resolution: "levn@npm:0.3.0"
  dependencies:
    prelude-ls: "npm:~1.1.2"
    type-check: "npm:~0.3.2"
  checksum: 10/e1c3e75b5c430d9aa4c32c83c8a611e4ca53608ca78e3ea3bf6bbd9d017e4776d05d86e27df7901baebd3afa732abede9f26f715b8c1be19e95505c7a3a7b589
  languageName: node
  linkType: hard

"mime-db@npm:1.52.0":
  version: 1.52.0
  resolution: "mime-db@npm:1.52.0"
  checksum: 10/54bb60bf39e6f8689f6622784e668a3d7f8bed6b0d886f5c3c446cb3284be28b30bf707ed05d0fe44a036f8469976b2629bbea182684977b084de9da274694d7
  languageName: node
  linkType: hard

"mime-types@npm:^2.1.12":
  version: 2.1.35
  resolution: "mime-types@npm:2.1.35"
  dependencies:
    mime-db: "npm:1.52.0"
  checksum: 10/89aa9651b67644035de2784a6e665fc685d79aba61857e02b9c8758da874a754aed4a9aced9265f5ed1171fd934331e5516b84a7f0218031b6fa0270eca1e51a
  languageName: node
  linkType: hard

"ms@npm:2.1.2":
  version: 2.1.2
  resolution: "ms@npm:2.1.2"
  checksum: 10/673cdb2c3133eb050c745908d8ce632ed2c02d85640e2edb3ace856a2266a813b30c613569bf3354fdf4ea7d1a1494add3bfa95e2713baa27d0c2c71fc44f58f
  languageName: node
  linkType: hard

"node-domexception@npm:^1.0.0":
  version: 1.0.0
  resolution: "node-domexception@npm:1.0.0"
  checksum: 10/e332522f242348c511640c25a6fc7da4f30e09e580c70c6b13cb0be83c78c3e71c8d4665af2527e869fc96848924a4316ae7ec9014c091e2156f41739d4fa233
  languageName: node
  linkType: hard

"node-fetch@npm:^3.2.3":
  version: 3.2.3
  resolution: "node-fetch@npm:3.2.3"
  dependencies:
    data-uri-to-buffer: "npm:^4.0.0"
    fetch-blob: "npm:^3.1.4"
    formdata-polyfill: "npm:^4.0.10"
  checksum: 10/69dc4b1f91fb461f3658ffe9611e4e0cc29fd5fc4a837f5d931f200c4babae40da9afc0daded2cccde2ad661a2efe475d80d1be88d611adf062952b36c1605e7
  languageName: node
  linkType: hard

"nwsapi@npm:^2.2.0":
  version: 2.2.0
  resolution: "nwsapi@npm:2.2.0"
  checksum: 10/d27812654974786b5ddaf3d5834dbcd840d5705f3b594e9b11a6eb67f35349b847111e16c178ad98d327a4de3b98a5b765809d294066e13d9793486d68823a91
  languageName: node
  linkType: hard

"optionator@npm:^0.8.1":
  version: 0.8.3
  resolution: "optionator@npm:0.8.3"
  dependencies:
    deep-is: "npm:~0.1.3"
    fast-levenshtein: "npm:~2.0.6"
    levn: "npm:~0.3.0"
    prelude-ls: "npm:~1.1.2"
    type-check: "npm:~0.3.2"
    word-wrap: "npm:~1.2.3"
  checksum: 10/6fa3c841b520f10aec45563962922215180e8cfbc59fde3ecd4ba2644ad66ca96bd19ad0e853f22fefcb7fc10e7612a5215b412cc66c5588f9a3138b38f6b5ff
  languageName: node
  linkType: hard

"parse5@npm:6.0.1":
  version: 6.0.1
  resolution: "parse5@npm:6.0.1"
  checksum: 10/dfb110581f62bd1425725a7c784ae022a24669bd0efc24b58c71fc731c4d868193e2ebd85b74cde2dbb965e4dcf07059b1e651adbec1b3b5267531bd132fdb75
  languageName: node
  linkType: hard

"prelude-ls@npm:~1.1.2":
  version: 1.1.2
  resolution: "prelude-ls@npm:1.1.2"
  checksum: 10/946a9f60d3477ca6b7d4c5e8e452ad1b98dc8aaa992cea939a6b926ac16cc4129d7217c79271dc808b5814b1537ad0af37f29a942e2eafbb92cfc5a1c87c38cb
  languageName: node
  linkType: hard

"psl@npm:^1.1.33":
  version: 1.8.0
  resolution: "psl@npm:1.8.0"
  checksum: 10/5f62a8eca06cb4a017983d15b92b0d38dc8699d637eabc8cb482c59b4106c9760f59cc8afabcb8bb7b98f0322907680d8f0f59226386fffab5248d180bc04578
  languageName: node
  linkType: hard

"punycode@npm:^2.1.1":
  version: 2.1.1
  resolution: "punycode@npm:2.1.1"
  checksum: 10/939daa010c2cacebdb060c40ecb52fef0a739324a66f7fffe0f94353a1ee83e3b455e9032054c4a0c4977b0a28e27086f2171c392832b59a01bd948fd8e20914
  languageName: node
  linkType: hard

"safer-buffer@npm:>= 2.1.2 < 3.0.0":
  version: 2.1.2
  resolution: "safer-buffer@npm:2.1.2"
  checksum: 10/7eaf7a0cf37cc27b42fb3ef6a9b1df6e93a1c6d98c6c6702b02fe262d5fcbd89db63320793b99b21cb5348097d0a53de81bd5f4e8b86e20cc9412e3f1cfb4e83
  languageName: node
  linkType: hard

"saxes@npm:^5.0.1":
  version: 5.0.1
  resolution: "saxes@npm:5.0.1"
  dependencies:
    xmlchars: "npm:^2.2.0"
  checksum: 10/148b5f98fdd45df25fa1abef35d72cdf6457ac5aef3b7d59d60f770af09d8cf6e7e3a074197071222441d68670fd3198590aba9985e37c4738af2df2f44d0686
  languageName: node
  linkType: hard

"source-map@npm:~0.6.1":
  version: 0.6.1
  resolution: "source-map@npm:0.6.1"
  checksum: 10/59ef7462f1c29d502b3057e822cdbdae0b0e565302c4dd1a95e11e793d8d9d62006cdc10e0fd99163ca33ff2071360cf50ee13f90440806e7ed57d81cba2f7ff
  languageName: node
  linkType: hard

"symbol-tree@npm:^3.2.4":
  version: 3.2.4
  resolution: "symbol-tree@npm:3.2.4"
  checksum: 10/c09a00aadf279d47d0c5c46ca3b6b2fbaeb45f0a184976d599637d412d3a70bbdc043ff33effe1206dea0e36e0ad226cb957112e7ce9a4bf2daedf7fa4f85c53
  languageName: node
  linkType: hard

"tough-cookie@npm:^4.0.0":
  version: 4.0.0
  resolution: "tough-cookie@npm:4.0.0"
  dependencies:
    psl: "npm:^1.1.33"
    punycode: "npm:^2.1.1"
    universalify: "npm:^0.1.2"
  checksum: 10/1c9764cbe14f14b6d1a1c1985ca38e04cccdbb8436c00837b27dd7106234a94057849606590a7301bd97faf3b309208b25e2a4f10091d4340526dc5e4ffa1b91
  languageName: node
  linkType: hard

"tr46@npm:^3.0.0":
  version: 3.0.0
  resolution: "tr46@npm:3.0.0"
  dependencies:
    punycode: "npm:^2.1.1"
  checksum: 10/b09a15886cbfaee419a3469081223489051ce9dca3374dd9500d2378adedbee84a3c73f83bfdd6bb13d53657753fc0d4e20a46bfcd3f1b9057ef528426ad7ce4
  languageName: node
  linkType: hard

"type-check@npm:~0.3.2":
  version: 0.3.2
  resolution: "type-check@npm:0.3.2"
  dependencies:
    prelude-ls: "npm:~1.1.2"
  checksum: 10/11dec0b50d7c3fd2e630b4b074ba36918ed2b1efbc87dfbd40ba9429d49c58d12dad5c415ece69fcf358fa083f33466fc370f23ab91aa63295c45d38b3a60dda
  languageName: node
  linkType: hard

"typescript@npm:^4.6.3":
  version: 4.6.3
  resolution: "typescript@npm:4.6.3"
  bin:
    tsc: bin/tsc
    tsserver: bin/tsserver
  checksum: 10/6932ec95f0420a05fd97aa93b2c2c0540da37be4373b5451ec377202d6577dfbf3ee0f2d8c1b5463b7881e091dee957d5f45e07e4a4cde004bb7c0d6a2a547ea
  languageName: node
  linkType: hard

"typescript@patch:typescript@npm%3A^4.6.3#optional!builtin<compat/typescript>":
  version: 4.6.3
  resolution: "typescript@patch:typescript@npm%3A4.6.3#optional!builtin<compat/typescript>::version=4.6.3&hash=5d3a66"
  bin:
    tsc: bin/tsc
    tsserver: bin/tsserver
  checksum: 10/55d092009e2fd0586d86fba9f64e70799bd25fdad81eb252d1270d60dc1f1db1dfa43cf536fe86b4fad2540032ae649d3520b448bed92edf2f4624ca7104b892
  languageName: node
  linkType: hard

"universalify@npm:^0.1.2":
  version: 0.1.2
  resolution: "universalify@npm:0.1.2"
  checksum: 10/40cdc60f6e61070fe658ca36016a8f4ec216b29bf04a55dce14e3710cc84c7448538ef4dad3728d0bfe29975ccd7bfb5f414c45e7b78883567fb31b246f02dff
  languageName: node
  linkType: hard

"w3c-hr-time@npm:^1.0.2":
  version: 1.0.2
  resolution: "w3c-hr-time@npm:1.0.2"
  dependencies:
    browser-process-hrtime: "npm:^1.0.0"
  checksum: 10/03851d90c236837c24c2983f5a8806a837c6515b21d52e5f29776b07cc08695779303d481454d768308489f00dd9d3232d595acaa5b2686d199465a4d9f7b283
  languageName: node
  linkType: hard

"w3c-xmlserializer@npm:^3.0.0":
  version: 3.0.0
  resolution: "w3c-xmlserializer@npm:3.0.0"
  dependencies:
    xml-name-validator: "npm:^4.0.0"
  checksum: 10/b4d73e20be283cc9975573a88979d15c08daa9c00911f8c777ef2af74eea11ba635fec18647ff0374ce880ec32ae573d17bd0f787053fc3085a530345b2feab6
  languageName: node
  linkType: hard

"web-streams-polyfill@npm:^3.0.3":
  version: 3.2.1
  resolution: "web-streams-polyfill@npm:3.2.1"
  checksum: 10/08fcf97b7883c1511dd3da794f50e9bde75a660884783baaddb2163643c21a94086f394dc4bd20dff0f55c98d98d60c4bea05a5809ef5005bdf835b63ada8900
  languageName: node
  linkType: hard

"webidl-conversions@npm:^7.0.0":
  version: 7.0.0
  resolution: "webidl-conversions@npm:7.0.0"
  checksum: 10/4c4f65472c010eddbe648c11b977d048dd96956a625f7f8b9d64e1b30c3c1f23ea1acfd654648426ce5c743c2108a5a757c0592f02902cf7367adb7d14e67721
  languageName: node
  linkType: hard

"whatwg-encoding@npm:^2.0.0":
  version: 2.0.0
  resolution: "whatwg-encoding@npm:2.0.0"
  dependencies:
    iconv-lite: "npm:0.6.3"
  checksum: 10/162d712d88fd134a4fe587e53302da812eb4215a1baa4c394dfd86eff31d0a079ff932c05233857997de07481093358d6e7587997358f49b8a580a777be22089
  languageName: node
  linkType: hard

"whatwg-mimetype@npm:^3.0.0":
  version: 3.0.0
  resolution: "whatwg-mimetype@npm:3.0.0"
  checksum: 10/96f9f628c663c2ae05412c185ca81b3df54bcb921ab52fe9ebc0081c1720f25d770665401eb2338ab7f48c71568133845638e18a81ed52ab5d4dcef7d22b40ef
  languageName: node
  linkType: hard

"whatwg-url@npm:^10.0.0":
  version: 10.0.0
  resolution: "whatwg-url@npm:10.0.0"
  dependencies:
    tr46: "npm:^3.0.0"
    webidl-conversions: "npm:^7.0.0"
  checksum: 10/3eb069ea73ef83f73effa585be1fd7c99be1d82d1bed8487cd68160e7981a4810dd8fa5f12f7e2732ae15f9975d2efa64c4ea001a8d31bd2de4d842342bdf8fc
  languageName: node
  linkType: hard

"whatwg-url@npm:^11.0.0":
  version: 11.0.0
  resolution: "whatwg-url@npm:11.0.0"
  dependencies:
    tr46: "npm:^3.0.0"
    webidl-conversions: "npm:^7.0.0"
  checksum: 10/dfcd51c6f4bfb54685528fb10927f3fd3d7c809b5671beef4a8cdd7b1408a7abf3343a35bc71dab83a1424f1c1e92cc2700d7930d95d231df0fac361de0c7648
  languageName: node
  linkType: hard

"word-wrap@npm:~1.2.3":
  version: 1.2.3
  resolution: "word-wrap@npm:1.2.3"
  checksum: 10/08a677e1578b9cc367a03d52bc51b6869fec06303f68d29439e4ed647257411f857469990c31066c1874678937dac737c9f8f20d3fd59918fb86b7d926a76b15
  languageName: node
  linkType: hard

"ws@npm:^8.2.3":
  version: 8.7.0
  resolution: "ws@npm:8.7.0"
  peerDependencies:
    bufferutil: ^4.0.1
    utf-8-validate: ^5.0.2
  peerDependenciesMeta:
    bufferutil:
      optional: true
    utf-8-validate:
      optional: true
  checksum: 10/ec85bd9c1fb304d34fa6ca319726859f8209094618ec09b1f6ad4f274d1c5561bf633319c0166551e3ca6d8ae2cf860e73262782c32afadc52539a3e5cb00346
  languageName: node
  linkType: hard

"xml-name-validator@npm:^4.0.0":
  version: 4.0.0
  resolution: "xml-name-validator@npm:4.0.0"
  checksum: 10/f9582a3f281f790344a471c207516e29e293c6041b2c20d84dd6e58832cd7c19796c47e108fd4fd4b164a5e72ad94f2268f8ace8231cde4a2c6428d6aa220f92
  languageName: node
  linkType: hard

"xmlchars@npm:^2.2.0":
  version: 2.2.0
  resolution: "xmlchars@npm:2.2.0"
  checksum: 10/4ad5924974efd004a47cce6acf5c0269aee0e62f9a805a426db3337af7bcbd331099df174b024ace4fb18971b8a56de386d2e73a1c4b020e3abd63a4a9b917f1
  languageName: node
  linkType: hard
