# This file is generated by running "yarn install" inside your project.
# Manual changes might be lost - proceed with caution!

__metadata:
  version: 8
  cacheKey: 10

"@asamuzakjp/css-color@npm:^3.1.2":
  version: 3.1.7
  resolution: "@asamuzakjp/css-color@npm:3.1.7"
  dependencies:
    "@csstools/css-calc": "npm:^2.1.3"
    "@csstools/css-color-parser": "npm:^3.0.9"
    "@csstools/css-parser-algorithms": "npm:^3.0.4"
    "@csstools/css-tokenizer": "npm:^3.0.3"
    lru-cache: "npm:^10.4.3"
  checksum: 10/107510bc16080917558d46c8ccb17dd932e7086999190ef733630a778dd83e12032805ef5d4b62729a718f0f8b806c3b0fc465693bd3d5b5180a3aa447bc1525
  languageName: node
  linkType: hard

"@csstools/color-helpers@npm:^5.0.2":
  version: 5.0.2
  resolution: "@csstools/color-helpers@npm:5.0.2"
  checksum: 10/8763079c54578bd2215c68de0795edb9cfa29bffa29625bff89f3c47d9df420d86296ff3a6fa8c29ca037bbaa64dc10a963461233341de0516a3161a3b549e7b
  languageName: node
  linkType: hard

"@csstools/css-calc@npm:^2.1.3":
  version: 2.1.3
  resolution: "@csstools/css-calc@npm:2.1.3"
  peerDependencies:
    "@csstools/css-parser-algorithms": ^3.0.4
    "@csstools/css-tokenizer": ^3.0.3
  checksum: 10/0c20165f13135bb51ef397c4ea8e185c75ff379378212952af57052de96890a1eda056b2c6a2d573ea69e56c9dae79a906a2e4cac9d731dfbf19defaf943fd55
  languageName: node
  linkType: hard

"@csstools/css-color-parser@npm:^3.0.9":
  version: 3.0.9
  resolution: "@csstools/css-color-parser@npm:3.0.9"
  dependencies:
    "@csstools/color-helpers": "npm:^5.0.2"
    "@csstools/css-calc": "npm:^2.1.3"
  peerDependencies:
    "@csstools/css-parser-algorithms": ^3.0.4
    "@csstools/css-tokenizer": ^3.0.3
  checksum: 10/634ee3c5424e21bda414015d20e906a620d06186fe38957479a5266ded435ae14675e3085a259cec75cd7138df081357aba58a2626592d61335228a451db3eca
  languageName: node
  linkType: hard

"@csstools/css-parser-algorithms@npm:^3.0.4":
  version: 3.0.4
  resolution: "@csstools/css-parser-algorithms@npm:3.0.4"
  peerDependencies:
    "@csstools/css-tokenizer": ^3.0.3
  checksum: 10/dfb6926218d9f8ba25d8b43ea46c03863c819481f8c55e4de4925780eaab9e6bcd6bead1d56b4ef82d09fcd9d69a7db2750fa9db08eece9470fd499dc76d0edb
  languageName: node
  linkType: hard

"@csstools/css-tokenizer@npm:^3.0.3":
  version: 3.0.3
  resolution: "@csstools/css-tokenizer@npm:3.0.3"
  checksum: 10/6baa3160e426e1f177b8f10d54ec7a4a596090f65a05f16d7e9e4da049962a404eabc5f885f4867093702c259cd4080ac92a438326e22dea015201b3e71f5bbb
  languageName: node
  linkType: hard

"@types/adm-zip@npm:^0.5.7":
  version: 0.5.7
  resolution: "@types/adm-zip@npm:0.5.7"
  dependencies:
    "@types/node": "npm:*"
  checksum: 10/24e9842bd6838879c60fe833af267489d8bc6b582d5feac6179543bf7a0b01a749931a9c6f21a20b8454e83925937a63bae0190493fa269d33a35c6daf4df209
  languageName: node
  linkType: hard

"@types/jsdom@npm:^21.1.7":
  version: 21.1.7
  resolution: "@types/jsdom@npm:21.1.7"
  dependencies:
    "@types/node": "npm:*"
    "@types/tough-cookie": "npm:*"
    parse5: "npm:^7.0.0"
  checksum: 10/a5ee54aec813ac928ef783f69828213af4d81325f584e1fe7573a9ae139924c40768d1d5249237e62d51b9a34ed06bde059c86c6b0248d627457ec5e5d532dfa
  languageName: node
  linkType: hard

"@types/node@npm:*":
  version: 17.0.25
  resolution: "@types/node@npm:17.0.25"
  checksum: 10/7b18daede52e2b8a41a9a6c6c0e062eb6fec39343c30deefe312c2ba8c7089eab4c47e0252deac775fb5313e56dc0aa19db3f8c7cc930956d196426dfa86cf6c
  languageName: node
  linkType: hard

"@types/node@npm:^20.17.47":
  version: 20.17.47
  resolution: "@types/node@npm:20.17.47"
  dependencies:
    undici-types: "npm:~6.19.2"
  checksum: 10/b24f78b5926b181f69387cf0710e42aa46eafc5ab4bb63bb181d02963484169a9ca6804c351674944c5617d5ec9f3ed50e1b05eb868408b1e04472fa61b4477e
  languageName: node
  linkType: hard

"@types/tough-cookie@npm:*":
  version: 4.0.2
  resolution: "@types/tough-cookie@npm:4.0.2"
  checksum: 10/8682b4062959c15c0521361825839e10d374344fa84166ee0b731b815ac7b79a942f6e9192fad6383d69df2251021678c86c46748ff69c61609934a3e27472f2
  languageName: node
  linkType: hard

"adm-zip@npm:^0.5.16":
  version: 0.5.16
  resolution: "adm-zip@npm:0.5.16"
  checksum: 10/e167d1b9e60cde37334efda828fa514680af9facbd4183952f36526390e5c7da9a90ca1e6880dfd3aba7b3517f1506c6178e0dc29cd630b26b98c795f97fc599
  languageName: node
  linkType: hard

"agent-base@npm:^7.1.0":
  version: 7.1.1
  resolution: "agent-base@npm:7.1.1"
  dependencies:
    debug: "npm:^4.3.4"
  checksum: 10/c478fec8f79953f118704d007a38f2a185458853f5c45579b9669372bd0e12602e88dc2ad0233077831504f7cd6fcc8251c383375bba5eaaf563b102938bda26
  languageName: node
  linkType: hard

"agent-base@npm:^7.1.2":
  version: 7.1.3
  resolution: "agent-base@npm:7.1.3"
  checksum: 10/3db6d8d4651f2aa1a9e4af35b96ab11a7607af57a24f3bc721a387eaa3b5f674e901f0a648b0caefd48f3fd117c7761b79a3b55854e2aebaa96c3f32cf76af84
  languageName: node
  linkType: hard

"arg@npm:^5.0.2":
  version: 5.0.2
  resolution: "arg@npm:5.0.2"
  checksum: 10/92fe7de222054a060fd2329e92e867410b3ea260328147ee3fb7855f78efae005f4087e698d4e688a856893c56bb09951588c40f2c901cf6996cd8cd7bcfef2c
  languageName: node
  linkType: hard

"capitalisation-fixes@workspace:.":
  version: 0.0.0-use.local
  resolution: "capitalisation-fixes@workspace:."
  dependencies:
    "@types/adm-zip": "npm:^0.5.7"
    "@types/jsdom": "npm:^21.1.7"
    "@types/node": "npm:^20.17.47"
    adm-zip: "npm:^0.5.16"
    arg: "npm:^5.0.2"
    chalk: "npm:^5.4.1"
    dotenv: "npm:^16.5.0"
    jsdom: "npm:^26.1.0"
    node-fetch: "npm:^3.3.2"
    typescript: "npm:^5.8.3"
  languageName: unknown
  linkType: soft

"chalk@npm:^5.4.1":
  version: 5.4.1
  resolution: "chalk@npm:5.4.1"
  checksum: 10/29df3ffcdf25656fed6e95962e2ef86d14dfe03cd50e7074b06bad9ffbbf6089adbb40f75c00744d843685c8d008adaf3aed31476780312553caf07fa86e5bc7
  languageName: node
  linkType: hard

"cssstyle@npm:^4.2.1":
  version: 4.3.1
  resolution: "cssstyle@npm:4.3.1"
  dependencies:
    "@asamuzakjp/css-color": "npm:^3.1.2"
    rrweb-cssom: "npm:^0.8.0"
  checksum: 10/e74b2636067c3fd912a16d8d979a7975e5a5c8b3ce9386298d75a82478bb6c8bc03b261b92575348f471b3eb7534d2594a0c4b47d6fc8c03605b2628dce992ff
  languageName: node
  linkType: hard

"data-uri-to-buffer@npm:^4.0.0":
  version: 4.0.0
  resolution: "data-uri-to-buffer@npm:4.0.0"
  checksum: 10/251b085188b9343416d46dd8dce8279984a6bb7183196e226da68e293c76f1a97e8db2d4a9cb7b24671c8fb4bff7d4b866e851033cff681fff770abdcf83fbed
  languageName: node
  linkType: hard

"data-urls@npm:^5.0.0":
  version: 5.0.0
  resolution: "data-urls@npm:5.0.0"
  dependencies:
    whatwg-mimetype: "npm:^4.0.0"
    whatwg-url: "npm:^14.0.0"
  checksum: 10/5c40568c31b02641a70204ff233bc4e42d33717485d074244a98661e5f2a1e80e38fe05a5755dfaf2ee549f2ab509d6a3af2a85f4b2ad2c984e5d176695eaf46
  languageName: node
  linkType: hard

"debug@npm:4, debug@npm:^4.3.4":
  version: 4.3.4
  resolution: "debug@npm:4.3.4"
  dependencies:
    ms: "npm:2.1.2"
  peerDependenciesMeta:
    supports-color:
      optional: true
  checksum: 10/0073c3bcbd9cb7d71dd5f6b55be8701af42df3e56e911186dfa46fac3a5b9eb7ce7f377dd1d3be6db8977221f8eb333d945216f645cf56f6b688cd484837d255
  languageName: node
  linkType: hard

"decimal.js@npm:^10.5.0":
  version: 10.5.0
  resolution: "decimal.js@npm:10.5.0"
  checksum: 10/714d49cf2f2207b268221795ede330e51452b7c451a0c02a770837d2d4faed47d603a729c2aa1d952eb6c4102d999e91c9b952c1aa016db3c5cba9fc8bf4cda2
  languageName: node
  linkType: hard

"dotenv@npm:^16.5.0":
  version: 16.5.0
  resolution: "dotenv@npm:16.5.0"
  checksum: 10/e68a16834f1a41cc2dfb01563bc150668ad675e6cd09191211467b5c0806b6ecd6ec438e021aa8e01cd0e72d2b70ef4302bec7cc0fe15b6955f85230b62dc8a9
  languageName: node
  linkType: hard

"entities@npm:^4.4.0":
  version: 4.5.0
  resolution: "entities@npm:4.5.0"
  checksum: 10/ede2a35c9bce1aeccd055a1b445d41c75a14a2bb1cd22e242f20cf04d236cdcd7f9c859eb83f76885327bfae0c25bf03303665ee1ce3d47c5927b98b0e3e3d48
  languageName: node
  linkType: hard

"entities@npm:^6.0.0":
  version: 6.0.0
  resolution: "entities@npm:6.0.0"
  checksum: 10/cf37a4aad887ba8573532346da1c78349dccd5b510a9bbddf92fe59b36b18a8b26fe619a862de4e7fd3b8addc6d5e0969261198bbeb690da87297011a61b7066
  languageName: node
  linkType: hard

"fetch-blob@npm:^3.1.2, fetch-blob@npm:^3.1.4":
  version: 3.1.5
  resolution: "fetch-blob@npm:3.1.5"
  dependencies:
    node-domexception: "npm:^1.0.0"
    web-streams-polyfill: "npm:^3.0.3"
  checksum: 10/d6549faea6e709e26826e1c60fba89a328d9318d59bc3829f4d8ea5edf7a0f04b3809ea0d2374f790f14a86545f578236e899c1d43a3bbb6b47951d696b8c2aa
  languageName: node
  linkType: hard

"formdata-polyfill@npm:^4.0.10":
  version: 4.0.10
  resolution: "formdata-polyfill@npm:4.0.10"
  dependencies:
    fetch-blob: "npm:^3.1.2"
  checksum: 10/9b5001d2edef3c9449ac3f48bd4f8cc92e7d0f2e7c1a5c8ba555ad4e77535cc5cf621fabe49e97f304067037282dd9093b9160a3cb533e46420b446c4e6bc06f
  languageName: node
  linkType: hard

"html-encoding-sniffer@npm:^4.0.0":
  version: 4.0.0
  resolution: "html-encoding-sniffer@npm:4.0.0"
  dependencies:
    whatwg-encoding: "npm:^3.1.1"
  checksum: 10/e86efd493293a5671b8239bd099d42128433bb3c7b0fdc7819282ef8e118a21f5dead0ad6f358e024a4e5c84f17ebb7a9b36075220fac0a6222b207248bede6f
  languageName: node
  linkType: hard

"http-proxy-agent@npm:^7.0.2":
  version: 7.0.2
  resolution: "http-proxy-agent@npm:7.0.2"
  dependencies:
    agent-base: "npm:^7.1.0"
    debug: "npm:^4.3.4"
  checksum: 10/d062acfa0cb82beeb558f1043c6ba770ea892b5fb7b28654dbc70ea2aeea55226dd34c02a294f6c1ca179a5aa483c4ea641846821b182edbd9cc5d89b54c6848
  languageName: node
  linkType: hard

"https-proxy-agent@npm:^7.0.6":
  version: 7.0.6
  resolution: "https-proxy-agent@npm:7.0.6"
  dependencies:
    agent-base: "npm:^7.1.2"
    debug: "npm:4"
  checksum: 10/784b628cbd55b25542a9d85033bdfd03d4eda630fb8b3c9477959367f3be95dc476ed2ecbb9836c359c7c698027fc7b45723a302324433590f45d6c1706e8c13
  languageName: node
  linkType: hard

"iconv-lite@npm:0.6.3":
  version: 0.6.3
  resolution: "iconv-lite@npm:0.6.3"
  dependencies:
    safer-buffer: "npm:>= 2.1.2 < 3.0.0"
  checksum: 10/24e3292dd3dadaa81d065c6f8c41b274a47098150d444b96e5f53b4638a9a71482921ea6a91a1f59bb71d9796de25e04afd05919fa64c360347ba65d3766f10f
  languageName: node
  linkType: hard

"is-potential-custom-element-name@npm:^1.0.1":
  version: 1.0.1
  resolution: "is-potential-custom-element-name@npm:1.0.1"
  checksum: 10/ced7bbbb6433a5b684af581872afe0e1767e2d1146b2207ca0068a648fb5cab9d898495d1ac0583524faaf24ca98176a7d9876363097c2d14fee6dd324f3a1ab
  languageName: node
  linkType: hard

"jsdom@npm:^26.1.0":
  version: 26.1.0
  resolution: "jsdom@npm:26.1.0"
  dependencies:
    cssstyle: "npm:^4.2.1"
    data-urls: "npm:^5.0.0"
    decimal.js: "npm:^10.5.0"
    html-encoding-sniffer: "npm:^4.0.0"
    http-proxy-agent: "npm:^7.0.2"
    https-proxy-agent: "npm:^7.0.6"
    is-potential-custom-element-name: "npm:^1.0.1"
    nwsapi: "npm:^2.2.16"
    parse5: "npm:^7.2.1"
    rrweb-cssom: "npm:^0.8.0"
    saxes: "npm:^6.0.0"
    symbol-tree: "npm:^3.2.4"
    tough-cookie: "npm:^5.1.1"
    w3c-xmlserializer: "npm:^5.0.0"
    webidl-conversions: "npm:^7.0.0"
    whatwg-encoding: "npm:^3.1.1"
    whatwg-mimetype: "npm:^4.0.0"
    whatwg-url: "npm:^14.1.1"
    ws: "npm:^8.18.0"
    xml-name-validator: "npm:^5.0.0"
  peerDependencies:
    canvas: ^3.0.0
  peerDependenciesMeta:
    canvas:
      optional: true
  checksum: 10/39d78c4889cac20826393400dce1faed1666e9244fe0c8342a8f08c315375878e6be7fcfe339a33d6ff1a083bfe9e71b16d56ecf4d9a87db2da8c795925ea8c1
  languageName: node
  linkType: hard

"lru-cache@npm:^10.4.3":
  version: 10.4.3
  resolution: "lru-cache@npm:10.4.3"
  checksum: 10/e6e90267360476720fa8e83cc168aa2bf0311f3f2eea20a6ba78b90a885ae72071d9db132f40fda4129c803e7dcec3a6b6a6fbb44ca90b081630b810b5d6a41a
  languageName: node
  linkType: hard

"ms@npm:2.1.2":
  version: 2.1.2
  resolution: "ms@npm:2.1.2"
  checksum: 10/673cdb2c3133eb050c745908d8ce632ed2c02d85640e2edb3ace856a2266a813b30c613569bf3354fdf4ea7d1a1494add3bfa95e2713baa27d0c2c71fc44f58f
  languageName: node
  linkType: hard

"node-domexception@npm:^1.0.0":
  version: 1.0.0
  resolution: "node-domexception@npm:1.0.0"
  checksum: 10/e332522f242348c511640c25a6fc7da4f30e09e580c70c6b13cb0be83c78c3e71c8d4665af2527e869fc96848924a4316ae7ec9014c091e2156f41739d4fa233
  languageName: node
  linkType: hard

"node-fetch@npm:^3.3.2":
  version: 3.3.2
  resolution: "node-fetch@npm:3.3.2"
  dependencies:
    data-uri-to-buffer: "npm:^4.0.0"
    fetch-blob: "npm:^3.1.4"
    formdata-polyfill: "npm:^4.0.10"
  checksum: 10/24207ca8c81231c7c59151840e3fded461d67a31cf3e3b3968e12201a42f89ce4a0b5fb7079b1fa0a4655957b1ca9257553200f03a9f668b45ebad265ca5593d
  languageName: node
  linkType: hard

"nwsapi@npm:^2.2.16":
  version: 2.2.20
  resolution: "nwsapi@npm:2.2.20"
  checksum: 10/3dbfbd64c10dfd1edaf4992a6e859af306ec22846b86da2b31e69a743a8b4d7ac3b6ca767dbf248dabea8652905e402d6986f8ba491852e8568e334ec22e1882
  languageName: node
  linkType: hard

"parse5@npm:^7.0.0":
  version: 7.1.2
  resolution: "parse5@npm:7.1.2"
  dependencies:
    entities: "npm:^4.4.0"
  checksum: 10/3c86806bb0fb1e9a999ff3a4c883b1ca243d99f45a619a0898dbf021a95a0189ed955c31b07fe49d342b54e814f33f2c9d7489198e8630dacd5477d413ec5782
  languageName: node
  linkType: hard

"parse5@npm:^7.2.1":
  version: 7.3.0
  resolution: "parse5@npm:7.3.0"
  dependencies:
    entities: "npm:^6.0.0"
  checksum: 10/b0e48be20b820c655b138b86fa6fb3a790de6c891aa2aba536524f8027b4dca4fe538f11a0e5cf2f6f847d120dbb9e4822dcaeb933ff1e10850a2ef0154d1d88
  languageName: node
  linkType: hard

"punycode@npm:^2.3.1":
  version: 2.3.1
  resolution: "punycode@npm:2.3.1"
  checksum: 10/febdc4362bead22f9e2608ff0171713230b57aff9dddc1c273aa2a651fbd366f94b7d6a71d78342a7c0819906750351ca7f2edd26ea41b626d87d6a13d1bd059
  languageName: node
  linkType: hard

"rrweb-cssom@npm:^0.8.0":
  version: 0.8.0
  resolution: "rrweb-cssom@npm:0.8.0"
  checksum: 10/07521ee36fb6569c17906afad1ac7ff8f099d49ade9249e190693ac36cdf27f88d9acf0cc66978935d5d0a23fca105643d7e9125b9a9d91ed9db9e02d31d7d80
  languageName: node
  linkType: hard

"safer-buffer@npm:>= 2.1.2 < 3.0.0":
  version: 2.1.2
  resolution: "safer-buffer@npm:2.1.2"
  checksum: 10/7eaf7a0cf37cc27b42fb3ef6a9b1df6e93a1c6d98c6c6702b02fe262d5fcbd89db63320793b99b21cb5348097d0a53de81bd5f4e8b86e20cc9412e3f1cfb4e83
  languageName: node
  linkType: hard

"saxes@npm:^6.0.0":
  version: 6.0.0
  resolution: "saxes@npm:6.0.0"
  dependencies:
    xmlchars: "npm:^2.2.0"
  checksum: 10/97b50daf6ca3a153e89842efa18a862e446248296622b7473c169c84c823ee8a16e4a43bac2f73f11fc8cb9168c73fbb0d73340f26552bac17970e9052367aa9
  languageName: node
  linkType: hard

"symbol-tree@npm:^3.2.4":
  version: 3.2.4
  resolution: "symbol-tree@npm:3.2.4"
  checksum: 10/c09a00aadf279d47d0c5c46ca3b6b2fbaeb45f0a184976d599637d412d3a70bbdc043ff33effe1206dea0e36e0ad226cb957112e7ce9a4bf2daedf7fa4f85c53
  languageName: node
  linkType: hard

"tldts-core@npm:^6.1.86":
  version: 6.1.86
  resolution: "tldts-core@npm:6.1.86"
  checksum: 10/cb5dff9cc15661ac773a2099e98c99a5cb3cebc35909c23cc4261ff7992032c7501995ae995de3574dbbf3431e59c47496534d52f5e96abcb231f0e72144c020
  languageName: node
  linkType: hard

"tldts@npm:^6.1.32":
  version: 6.1.86
  resolution: "tldts@npm:6.1.86"
  dependencies:
    tldts-core: "npm:^6.1.86"
  bin:
    tldts: bin/cli.js
  checksum: 10/f7e66824e44479ccdda55ea556af14ce61c4d27708be403e3f90631defde49f82a580e1ca07187cc7e3b349e257a30c2808a22903f3a0548e136ebb609ccc109
  languageName: node
  linkType: hard

"tough-cookie@npm:^5.1.1":
  version: 5.1.2
  resolution: "tough-cookie@npm:5.1.2"
  dependencies:
    tldts: "npm:^6.1.32"
  checksum: 10/de430e6e6d34b794137e05b8ac2aa6b74ebbe6cdceb4126f168cf1e76101162a4b2e0e7587c3b70e728bd8654fc39958b2035be7619ee6f08e7257610ba4cd04
  languageName: node
  linkType: hard

"tr46@npm:^5.0.0":
  version: 5.0.0
  resolution: "tr46@npm:5.0.0"
  dependencies:
    punycode: "npm:^2.3.1"
  checksum: 10/29155adb167d048d3c95d181f7cb5ac71948b4e8f3070ec455986e1f34634acae50ae02a3c8d448121c3afe35b76951cd46ed4c128fd80264280ca9502237a3e
  languageName: node
  linkType: hard

"tr46@npm:^5.1.0":
  version: 5.1.1
  resolution: "tr46@npm:5.1.1"
  dependencies:
    punycode: "npm:^2.3.1"
  checksum: 10/833a0e1044574da5790148fd17866d4ddaea89e022de50279967bcd6b28b4ce0d30d59eb3acf9702b60918975b3bad481400337e3a2e6326cffa5c77b874753d
  languageName: node
  linkType: hard

"typescript@npm:^5.8.3":
  version: 5.8.3
  resolution: "typescript@npm:5.8.3"
  bin:
    tsc: bin/tsc
    tsserver: bin/tsserver
  checksum: 10/65c40944c51b513b0172c6710ee62e951b70af6f75d5a5da745cb7fab132c09ae27ffdf7838996e3ed603bb015dadd099006658046941bd0ba30340cc563ae92
  languageName: node
  linkType: hard

"typescript@patch:typescript@npm%3A^5.8.3#optional!builtin<compat/typescript>":
  version: 5.8.3
  resolution: "typescript@patch:typescript@npm%3A5.8.3#optional!builtin<compat/typescript>::version=5.8.3&hash=5786d5"
  bin:
    tsc: bin/tsc
    tsserver: bin/tsserver
  checksum: 10/b9b1e73dabac5dc730c041325dbd9c99467c1b0d239f1b74ec3b90d831384af3e2ba973946232df670519147eb51a2c20f6f96163cea2b359f03de1e2091cc4f
  languageName: node
  linkType: hard

"undici-types@npm:~6.19.2":
  version: 6.19.8
  resolution: "undici-types@npm:6.19.8"
  checksum: 10/cf0b48ed4fc99baf56584afa91aaffa5010c268b8842f62e02f752df209e3dea138b372a60a963b3b2576ed932f32329ce7ddb9cb5f27a6c83040d8cd74b7a70
  languageName: node
  linkType: hard

"w3c-xmlserializer@npm:^5.0.0":
  version: 5.0.0
  resolution: "w3c-xmlserializer@npm:5.0.0"
  dependencies:
    xml-name-validator: "npm:^5.0.0"
  checksum: 10/d78f59e6b4f924aa53b6dfc56949959229cae7fe05ea9374eb38d11edcec01398b7f5d7a12576bd5acc57ff446abb5c9115cd83b9d882555015437cf858d42f0
  languageName: node
  linkType: hard

"web-streams-polyfill@npm:^3.0.3":
  version: 3.2.1
  resolution: "web-streams-polyfill@npm:3.2.1"
  checksum: 10/08fcf97b7883c1511dd3da794f50e9bde75a660884783baaddb2163643c21a94086f394dc4bd20dff0f55c98d98d60c4bea05a5809ef5005bdf835b63ada8900
  languageName: node
  linkType: hard

"webidl-conversions@npm:^7.0.0":
  version: 7.0.0
  resolution: "webidl-conversions@npm:7.0.0"
  checksum: 10/4c4f65472c010eddbe648c11b977d048dd96956a625f7f8b9d64e1b30c3c1f23ea1acfd654648426ce5c743c2108a5a757c0592f02902cf7367adb7d14e67721
  languageName: node
  linkType: hard

"whatwg-encoding@npm:^3.1.1":
  version: 3.1.1
  resolution: "whatwg-encoding@npm:3.1.1"
  dependencies:
    iconv-lite: "npm:0.6.3"
  checksum: 10/bbef815eb67f91487c7f2ef96329743f5fd8357d7d62b1119237d25d41c7e452dff8197235b2d3c031365a17f61d3bb73ca49d0ed1582475aa4a670815e79534
  languageName: node
  linkType: hard

"whatwg-mimetype@npm:^4.0.0":
  version: 4.0.0
  resolution: "whatwg-mimetype@npm:4.0.0"
  checksum: 10/894a618e2d90bf444b6f309f3ceb6e58cf21b2beaa00c8b333696958c4076f0c7b30b9d33413c9ffff7c5832a0a0c8569e5bb347ef44beded72aeefd0acd62e8
  languageName: node
  linkType: hard

"whatwg-url@npm:^14.0.0":
  version: 14.0.0
  resolution: "whatwg-url@npm:14.0.0"
  dependencies:
    tr46: "npm:^5.0.0"
    webidl-conversions: "npm:^7.0.0"
  checksum: 10/67ea7a359a90663b28c816d76379b4be62d13446e9a4c0ae0b5ae0294b1c22577750fcdceb40827bb35a61777b7093056953c856604a28b37d6a209ba59ad062
  languageName: node
  linkType: hard

"whatwg-url@npm:^14.1.1":
  version: 14.2.0
  resolution: "whatwg-url@npm:14.2.0"
  dependencies:
    tr46: "npm:^5.1.0"
    webidl-conversions: "npm:^7.0.0"
  checksum: 10/f0a95b0601c64f417c471536a2d828b4c16fe37c13662483a32f02f183ed0f441616609b0663fb791e524e8cd56d9a86dd7366b1fc5356048ccb09b576495e7c
  languageName: node
  linkType: hard

"ws@npm:^8.18.0":
  version: 8.18.2
  resolution: "ws@npm:8.18.2"
  peerDependencies:
    bufferutil: ^4.0.1
    utf-8-validate: ">=5.0.2"
  peerDependenciesMeta:
    bufferutil:
      optional: true
    utf-8-validate:
      optional: true
  checksum: 10/018e04ec95561d88248d53a2eaf094b4ae131e9b062f2679e6e8a62f04649bc543448f1e038125225ac6bbb25f54c1e65d7a2cc9dbc1e28b43e5e6b7162ad88e
  languageName: node
  linkType: hard

"xml-name-validator@npm:^5.0.0":
  version: 5.0.0
  resolution: "xml-name-validator@npm:5.0.0"
  checksum: 10/43f30f3f6786e406dd665acf08cd742d5f8a46486bd72517edb04b27d1bcd1599664c2a4a99fc3f1e56a3194bff588b12f178b7972bc45c8047bdc4c3ac8d4a1
  languageName: node
  linkType: hard

"xmlchars@npm:^2.2.0":
  version: 2.2.0
  resolution: "xmlchars@npm:2.2.0"
  checksum: 10/4ad5924974efd004a47cce6acf5c0269aee0e62f9a805a426db3337af7bcbd331099df174b024ace4fb18971b8a56de386d2e73a1c4b020e3abd63a4a9b917f1
  languageName: node
  linkType: hard
